
Microsoft Visual Studio Solution File, Format Version 12.00
# Visual Studio Version 17
VisualStudioVersion = 17.13.35931.197
MinimumVisualStudioVersion = 10.0.40219.1
Project("{FAE04EC0-301F-11D3-BF4B-00C04F79EFBC}") = "MLVScan", "MLVScan.csproj", "{219261F3-C447-4B11-80CA-B4149CECF3BE}"
EndProject

Global
	GlobalSection(SolutionConfigurationPlatforms) = preSolution
		MelonLoader|Any CPU = MelonLoader|Any CPU
		MelonLoader|x64 = MelonLoader|x64
		MelonLoader|x86 = MelonLoader|x86
		BepInEx|Any CPU = BepInEx|Any CPU
		BepInEx|x64 = BepInEx|x64
		BepInEx|x86 = BepInEx|x86
		BepInEx6Mono|Any CPU = BepInEx6Mono|Any CPU
		BepInEx6Mono|x64 = BepInEx6Mono|x64
		BepInEx6Mono|x86 = BepInEx6Mono|x86
		BepInEx6IL2CPP|Any CPU = BepInEx6IL2CPP|Any CPU
		BepInEx6IL2CPP|x64 = BepInEx6IL2CPP|x64
		BepInEx6IL2CPP|x86 = BepInEx6IL2CPP|x86
		Debug|Any CPU = Debug|Any CPU
		Debug|x64 = Debug|x64
		Debug|x86 = Debug|x86
		Release|Any CPU = Release|Any CPU
		Release|x64 = Release|x64
		Release|x86 = Release|x86
	EndGlobalSection
	GlobalSection(ProjectConfigurationPlatforms) = postSolution
		{219261F3-C447-4B11-80CA-B4149CECF3BE}.MelonLoader|Any CPU.ActiveCfg = MelonLoader|Any CPU
		{219261F3-C447-4B11-80CA-B4149CECF3BE}.MelonLoader|Any CPU.Build.0 = MelonLoader|Any CPU
		{219261F3-C447-4B11-80CA-B4149CECF3BE}.MelonLoader|x64.ActiveCfg = MelonLoader|Any CPU
		{219261F3-C447-4B11-80CA-B4149CECF3BE}.MelonLoader|x64.Build.0 = MelonLoader|Any CPU
		{219261F3-C447-4B11-80CA-B4149CECF3BE}.MelonLoader|x86.ActiveCfg = MelonLoader|Any CPU
		{219261F3-C447-4B11-80CA-B4149CECF3BE}.MelonLoader|x86.Build.0 = MelonLoader|Any CPU
		{219261F3-C447-4B11-80CA-B4149CECF3BE}.BepInEx|Any CPU.ActiveCfg = BepInEx|Any CPU
		{219261F3-C447-4B11-80CA-B4149CECF3BE}.BepInEx|Any CPU.Build.0 = BepInEx|Any CPU
		{219261F3-C447-4B11-80CA-B4149CECF3BE}.BepInEx|x64.ActiveCfg = BepInEx|Any CPU
		{219261F3-C447-4B11-80CA-B4149CECF3BE}.BepInEx|x64.Build.0 = BepInEx|Any CPU
		{219261F3-C447-4B11-80CA-B4149CECF3BE}.BepInEx|x86.ActiveCfg = BepInEx|Any CPU
		{219261F3-C447-4B11-80CA-B4149CECF3BE}.BepInEx|x86.Build.0 = BepInEx|Any CPU
		{219261F3-C447-4B11-80CA-B4149CECF3BE}.BepInEx6Mono|Any CPU.ActiveCfg = BepInEx6Mono|Any CPU
		{219261F3-C447-4B11-80CA-B4149CECF3BE}.BepInEx6Mono|Any CPU.Build.0 = BepInEx6Mono|Any CPU
		{219261F3-C447-4B11-80CA-B4149CECF3BE}.BepInEx6Mono|x64.ActiveCfg = BepInEx6Mono|Any CPU
		{219261F3-C447-4B11-80CA-B4149CECF3BE}.BepInEx6Mono|x64.Build.0 = BepInEx6Mono|Any CPU
		{219261F3-C447-4B11-80CA-B4149CECF3BE}.BepInEx6Mono|x86.ActiveCfg = BepInEx6Mono|Any CPU
		{219261F3-C447-4B11-80CA-B4149CECF3BE}.BepInEx6Mono|x86.Build.0 = BepInEx6Mono|Any CPU
		{219261F3-C447-4B11-80CA-B4149CECF3BE}.BepInEx6IL2CPP|Any CPU.ActiveCfg = BepInEx6IL2CPP|Any CPU
		{219261F3-C447-4B11-80CA-B4149CECF3BE}.BepInEx6IL2CPP|Any CPU.Build.0 = BepInEx6IL2CPP|Any CPU
		{219261F3-C447-4B11-80CA-B4149CECF3BE}.BepInEx6IL2CPP|x64.ActiveCfg = BepInEx6IL2CPP|Any CPU
		{219261F3-C447-4B11-80CA-B4149CECF3BE}.BepInEx6IL2CPP|x64.Build.0 = BepInEx6IL2CPP|Any CPU
		{219261F3-C447-4B11-80CA-B4149CECF3BE}.BepInEx6IL2CPP|x86.ActiveCfg = BepInEx6IL2CPP|Any CPU
		{219261F3-C447-4B11-80CA-B4149CECF3BE}.BepInEx6IL2CPP|x86.Build.0 = BepInEx6IL2CPP|Any CPU
		{219261F3-C447-4B11-80CA-B4149CECF3BE}.Debug|Any CPU.ActiveCfg = Debug|Any CPU
		{219261F3-C447-4B11-80CA-B4149CECF3BE}.Debug|Any CPU.Build.0 = Debug|Any CPU
		{219261F3-C447-4B11-80CA-B4149CECF3BE}.Debug|x64.ActiveCfg = Debug|Any CPU
		{219261F3-C447-4B11-80CA-B4149CECF3BE}.Debug|x64.Build.0 = Debug|Any CPU
		{219261F3-C447-4B11-80CA-B4149CECF3BE}.Debug|x86.ActiveCfg = Debug|Any CPU
		{219261F3-C447-4B11-80CA-B4149CECF3BE}.Debug|x86.Build.0 = Debug|Any CPU
		{219261F3-C447-4B11-80CA-B4149CECF3BE}.Release|Any CPU.ActiveCfg = Release|Any CPU
		{219261F3-C447-4B11-80CA-B4149CECF3BE}.Release|Any CPU.Build.0 = Release|Any CPU
		{219261F3-C447-4B11-80CA-B4149CECF3BE}.Release|x64.ActiveCfg = Release|Any CPU
		{219261F3-C447-4B11-80CA-B4149CECF3BE}.Release|x64.Build.0 = Release|Any CPU
		{219261F3-C447-4B11-80CA-B4149CECF3BE}.Release|x86.ActiveCfg = Release|Any CPU
		{219261F3-C447-4B11-80CA-B4149CECF3BE}.Release|x86.Build.0 = Release|Any CPU

	EndGlobalSection
	GlobalSection(SolutionProperties) = preSolution
		HideSolutionNode = FALSE
	EndGlobalSection
	GlobalSection(ExtensibilityGlobals) = postSolution
		SolutionGuid = {C4BBF263-B7BF-48A3-8CC0-E7EF39C4ABD7}
	EndGlobalSection
EndGlobal
